
Microsoft Visual Studio Solution File, Format Version 12.00
# Visual Studio Version 17
VisualStudioVersion = 17.8.34601.278
MinimumVisualStudioVersion = 10.0.40219.1
Project("{9A19103F-16F7-4668-BE54-9A1E7A4F7556}") = "Stargate.API", "Stargate.API\Stargate.API.csproj", "{4E29F3FE-7570-47F1-A18F-F8E3B4BDFDC3}"
EndProject
Project("{9A19103F-16F7-4668-BE54-9A1E7A4F7556}") = "Stargate.Services", "Stargate.Services\Stargate.Services.csproj", "{905AAC6C-7FAD-4EED-917A-61EB6052EDE3}"
EndProject
Project("{9A19103F-16F7-4668-BE54-9A1E7A4F7556}") = "Stargate.Tests", "Stargate.Tests\Stargate.Tests.csproj", "{902C51FD-A183-46B1-9034-618F71694BAB}"
EndProject
Global
	GlobalSection(SolutionConfigurationPlatforms) = preSolution
		Debug|Any CPU = Debug|Any CPU
		Release|Any CPU = Release|Any CPU
	EndGlobalSection
	GlobalSection(ProjectConfigurationPlatforms) = postSolution
		{4E29F3FE-7570-47F1-A18F-F8E3B4BDFDC3}.Debug|Any CPU.ActiveCfg = Debug|Any CPU
		{4E29F3FE-7570-47F1-A18F-F8E3B4BDFDC3}.Debug|Any CPU.Build.0 = Debug|Any CPU
		{4E29F3FE-7570-47F1-A18F-F8E3B4BDFDC3}.Release|Any CPU.ActiveCfg = Release|Any CPU
		{4E29F3FE-7570-47F1-A18F-F8E3B4BDFDC3}.Release|Any CPU.Build.0 = Release|Any CPU
		{905AAC6C-7FAD-4EED-917A-61EB6052EDE3}.Debug|Any CPU.ActiveCfg = Debug|Any CPU
		{905AAC6C-7FAD-4EED-917A-61EB6052EDE3}.Debug|Any CPU.Build.0 = Debug|Any CPU
		{905AAC6C-7FAD-4EED-917A-61EB6052EDE3}.Release|Any CPU.ActiveCfg = Release|Any CPU
		{905AAC6C-7FAD-4EED-917A-61EB6052EDE3}.Release|Any CPU.Build.0 = Release|Any CPU
		{902C51FD-A183-46B1-9034-618F71694BAB}.Debug|Any CPU.ActiveCfg = Debug|Any CPU
		{902C51FD-A183-46B1-9034-618F71694BAB}.Debug|Any CPU.Build.0 = Debug|Any CPU
		{902C51FD-A183-46B1-9034-618F71694BAB}.Release|Any CPU.ActiveCfg = Release|Any CPU
		{902C51FD-A183-46B1-9034-618F71694BAB}.Release|Any CPU.Build.0 = Release|Any CPU
	EndGlobalSection
	GlobalSection(SolutionProperties) = preSolution
		HideSolutionNode = FALSE
	EndGlobalSection
	GlobalSection(ExtensibilityGlobals) = postSolution
		SolutionGuid = {7E47EC19-C6BF-44DE-9F28-3003B615EE9A}
	EndGlobalSection
EndGlobal
